
Microsoft Visual Studio Solution File, Format Version 12.00
# Visual Studio Version 16
VisualStudioVersion = 16.0.31005.135
MinimumVisualStudioVersion = 10.0.40219.1
Project("{9A19103F-16F7-4668-BE54-9A1E7A4F7556}") = "lesson1", "lesson1\lesson1.csproj", "{828F66C7-67D8-482F-AE45-A1F7464EAA8B}"
EndProject
Project("{9A19103F-16F7-4668-BE54-9A1E7A4F7556}") = "lesson2", "lesson2\lesson2.csproj", "{B3AD65C0-7AEC-46C5-9A08-44D8927F3FF0}"
EndProject
Project("{9A19103F-16F7-4668-BE54-9A1E7A4F7556}") = "lesson3", "lesson3\lesson3.csproj", "{8D20D284-D4DA-4E00-B697-899CD6B53102}"
EndProject
Project("{9A19103F-16F7-4668-BE54-9A1E7A4F7556}") = "lesson4", "lesson4\lesson4.csproj", "{86897462-753F-4608-BE94-6095B2F8BDBE}"
EndProject
Project("{9A19103F-16F7-4668-BE54-9A1E7A4F7556}") = "lesson5", "lesson5\lesson5.csproj", "{817A24FD-B780-498A-A0C4-FD865D1381D7}"
EndProject
Project("{9A19103F-16F7-4668-BE54-9A1E7A4F7556}") = "lesson6", "lesson6\lesson6.csproj", "{21D47F5B-0A4C-47C0-B582-AB18A352BDCB}"
EndProject
Project("{9A19103F-16F7-4668-BE54-9A1E7A4F7556}") = "lesson7", "lesson7\lesson7.csproj", "{662C18BB-EA57-4E1E-9361-ECD6993837CC}"
EndProject
Project("{9A19103F-16F7-4668-BE54-9A1E7A4F7556}") = "lesson8", "lesson8\lesson8.csproj", "{EE699936-2959-4851-91AB-6570454656C4}"
EndProject
Project("{9A19103F-16F7-4668-BE54-9A1E7A4F7556}") = "TestClassLib", "TestClassLib\TestClassLib.csproj", "{95128346-52D5-48D5-BD35-1271507C38EA}"
EndProject
Project("{9A19103F-16F7-4668-BE54-9A1E7A4F7556}") = "lesson8-1", "lesson8-1\lesson8-1.csproj", "{7A33F430-27B4-4574-BEA4-EEA7D9A4B863}"
EndProject
Global
	GlobalSection(SolutionConfigurationPlatforms) = preSolution
		Debug|Any CPU = Debug|Any CPU
		Release|Any CPU = Release|Any CPU
	EndGlobalSection
	GlobalSection(ProjectConfigurationPlatforms) = postSolution
		{828F66C7-67D8-482F-AE45-A1F7464EAA8B}.Debug|Any CPU.ActiveCfg = Debug|Any CPU
		{828F66C7-67D8-482F-AE45-A1F7464EAA8B}.Debug|Any CPU.Build.0 = Debug|Any CPU
		{828F66C7-67D8-482F-AE45-A1F7464EAA8B}.Release|Any CPU.ActiveCfg = Release|Any CPU
		{828F66C7-67D8-482F-AE45-A1F7464EAA8B}.Release|Any CPU.Build.0 = Release|Any CPU
		{B3AD65C0-7AEC-46C5-9A08-44D8927F3FF0}.Debug|Any CPU.ActiveCfg = Debug|Any CPU
		{B3AD65C0-7AEC-46C5-9A08-44D8927F3FF0}.Debug|Any CPU.Build.0 = Debug|Any CPU
		{B3AD65C0-7AEC-46C5-9A08-44D8927F3FF0}.Release|Any CPU.ActiveCfg = Release|Any CPU
		{B3AD65C0-7AEC-46C5-9A08-44D8927F3FF0}.Release|Any CPU.Build.0 = Release|Any CPU
		{8D20D284-D4DA-4E00-B697-899CD6B53102}.Debug|Any CPU.ActiveCfg = Debug|Any CPU
		{8D20D284-D4DA-4E00-B697-899CD6B53102}.Debug|Any CPU.Build.0 = Debug|Any CPU
		{8D20D284-D4DA-4E00-B697-899CD6B53102}.Release|Any CPU.ActiveCfg = Release|Any CPU
		{8D20D284-D4DA-4E00-B697-899CD6B53102}.Release|Any CPU.Build.0 = Release|Any CPU
		{86897462-753F-4608-BE94-6095B2F8BDBE}.Debug|Any CPU.ActiveCfg = Debug|Any CPU
		{86897462-753F-4608-BE94-6095B2F8BDBE}.Debug|Any CPU.Build.0 = Debug|Any CPU
		{86897462-753F-4608-BE94-6095B2F8BDBE}.Release|Any CPU.ActiveCfg = Release|Any CPU
		{86897462-753F-4608-BE94-6095B2F8BDBE}.Release|Any CPU.Build.0 = Release|Any CPU
		{817A24FD-B780-498A-A0C4-FD865D1381D7}.Debug|Any CPU.ActiveCfg = Debug|Any CPU
		{817A24FD-B780-498A-A0C4-FD865D1381D7}.Debug|Any CPU.Build.0 = Debug|Any CPU
		{817A24FD-B780-498A-A0C4-FD865D1381D7}.Release|Any CPU.ActiveCfg = Release|Any CPU
		{817A24FD-B780-498A-A0C4-FD865D1381D7}.Release|Any CPU.Build.0 = Release|Any CPU
		{21D47F5B-0A4C-47C0-B582-AB18A352BDCB}.Debug|Any CPU.ActiveCfg = Debug|Any CPU
		{21D47F5B-0A4C-47C0-B582-AB18A352BDCB}.Debug|Any CPU.Build.0 = Debug|Any CPU
		{21D47F5B-0A4C-47C0-B582-AB18A352BDCB}.Release|Any CPU.ActiveCfg = Release|Any CPU
		{21D47F5B-0A4C-47C0-B582-AB18A352BDCB}.Release|Any CPU.Build.0 = Release|Any CPU
		{662C18BB-EA57-4E1E-9361-ECD6993837CC}.Debug|Any CPU.ActiveCfg = Debug|Any CPU
		{662C18BB-EA57-4E1E-9361-ECD6993837CC}.Debug|Any CPU.Build.0 = Debug|Any CPU
		{662C18BB-EA57-4E1E-9361-ECD6993837CC}.Release|Any CPU.ActiveCfg = Release|Any CPU
		{662C18BB-EA57-4E1E-9361-ECD6993837CC}.Release|Any CPU.Build.0 = Release|Any CPU
		{EE699936-2959-4851-91AB-6570454656C4}.Debug|Any CPU.ActiveCfg = Debug|Any CPU
		{EE699936-2959-4851-91AB-6570454656C4}.Debug|Any CPU.Build.0 = Debug|Any CPU
		{EE699936-2959-4851-91AB-6570454656C4}.Release|Any CPU.ActiveCfg = Release|Any CPU
		{EE699936-2959-4851-91AB-6570454656C4}.Release|Any CPU.Build.0 = Release|Any CPU
		{95128346-52D5-48D5-BD35-1271507C38EA}.Debug|Any CPU.ActiveCfg = Debug|Any CPU
		{95128346-52D5-48D5-BD35-1271507C38EA}.Debug|Any CPU.Build.0 = Debug|Any CPU
		{95128346-52D5-48D5-BD35-1271507C38EA}.Release|Any CPU.ActiveCfg = Release|Any CPU
		{95128346-52D5-48D5-BD35-1271507C38EA}.Release|Any CPU.Build.0 = Release|Any CPU
		{7A33F430-27B4-4574-BEA4-EEA7D9A4B863}.Debug|Any CPU.ActiveCfg = Debug|Any CPU
		{7A33F430-27B4-4574-BEA4-EEA7D9A4B863}.Debug|Any CPU.Build.0 = Debug|Any CPU
		{7A33F430-27B4-4574-BEA4-EEA7D9A4B863}.Release|Any CPU.ActiveCfg = Release|Any CPU
		{7A33F430-27B4-4574-BEA4-EEA7D9A4B863}.Release|Any CPU.Build.0 = Release|Any CPU
	EndGlobalSection
	GlobalSection(SolutionProperties) = preSolution
		HideSolutionNode = FALSE
	EndGlobalSection
	GlobalSection(ExtensibilityGlobals) = postSolution
		SolutionGuid = {15438C53-9CC0-41A8-8725-D7EA1641D50D}
	EndGlobalSection
EndGlobal
